# This file was autogenerated by Stack.
# You should not edit this file by hand.
# For more information, please see the documentation at:
#   https://docs.haskellstack.org/en/stable/lock_files

packages:
- completed:
    hackage: pretty-terminal-0.1.0.0@sha256:e9135d86ebb2a8e3aaf5a79088de4628dbd49988388e0fbfc26c5ecb3c399ad9,1638
    pantry-tree:
      size: 385
      sha256: fecec01e618890c284e57cb873b8f9531f479562b7cf08497aef097da3ef90ec
  original:
    hackage: pretty-terminal-0.1.0.0
- completed:
    hackage: roman-numerals-0.5.1.5@sha256:819d04d9d442b24629dd058f6f0b02bd78e9f9ae99538bc44ca448f1cb2b7b01,1208
    pantry-tree:
      size: 220
      sha256: 2154c0f4a11842593586dc1932e233cd8c802994763f7d3ce3e5916be8bc7ee5
  original:
    hackage: roman-numerals-0.5.1.5
- completed:
    hackage: with-utf8-1.0.2.2@sha256:42eed140390b3e93d9482b084d1d0150e8774667f39c33bd47e84815751fad09,3057
    pantry-tree:
      size: 1051
      sha256: 4b06e9ee43909239a813ccd972eeb444e541efd72aeb0d343206449169227286
  original:
    hackage: with-utf8-1.0.2.2
- completed:
    hackage: th-utilities-0.2.4.0@sha256:ba19cd8441aa43dbaed40e9055bb5a7cbd7cf9e154f5253c6bf9293af8b1f96b,1869
    pantry-tree:
      size: 882
      sha256: 8c577d112a8398a5542aa4205b2e8a470a66d57590e6606d752d71e75d7425ea
  original:
    hackage: th-utilities-0.2.4.0@sha256:ba19cd8441aa43dbaed40e9055bb5a7cbd7cf9e154f5253c6bf9293af8b1f96b,1869
snapshots:
- completed:
    size: 563099
    url: https://raw.githubusercontent.com/commercialhaskell/stackage-snapshots/master/lts/17/3.yaml
    sha256: 1e9f31ec160a144f796bc49b91dfc2bab5eca88b1dcc93da569108febaf5b382
  original: lts-17.3
